
Microsoft Visual Studio Solution File, Format Version 12.00
# Visual Studio Version 16
VisualStudioVersion = 16.0.30711.63
MinimumVisualStudioVersion = 10.0.40219.1
Project("{FAE04EC0-301F-11D3-BF4B-00C04F79EFBC}") = "HomeWork27_11_20", "HomeWork27_11_20\HomeWork27_11_20.csproj", "{97C77E9D-A7A6-46A4-BC19-74A9D2992677}"
EndProject
Global
	GlobalSection(SolutionConfigurationPlatforms) = preSolution
		Debug|Any CPU = Debug|Any CPU
		Release|Any CPU = Release|Any CPU
	EndGlobalSection
	GlobalSection(ProjectConfigurationPlatforms) = postSolution
		{97C77E9D-A7A6-46A4-BC19-74A9D2992677}.Debug|Any CPU.ActiveCfg = Debug|Any CPU
		{97C77E9D-A7A6-46A4-BC19-74A9D2992677}.Debug|Any CPU.Build.0 = Debug|Any CPU
		{97C77E9D-A7A6-46A4-BC19-74A9D2992677}.Release|Any CPU.ActiveCfg = Release|Any CPU
		{97C77E9D-A7A6-46A4-BC19-74A9D2992677}.Release|Any CPU.Build.0 = Release|Any CPU
	EndGlobalSection
	GlobalSection(SolutionProperties) = preSolution
		HideSolutionNode = FALSE
	EndGlobalSection
	GlobalSection(ExtensibilityGlobals) = postSolution
		SolutionGuid = {4CDCC824-D031-4CF2-9D5F-697EA1668600}
	EndGlobalSection
EndGlobal
